
Microsoft Visual Studio Solution File, Format Version 12.00
# Visual Studio Version 17
VisualStudioVersion = 17.14.37012.4
MinimumVisualStudioVersion = 10.0.40219.1
Project("{FAE04EC0-301F-11D3-BF4B-00C04F79EFBC}") = "FleetManagement.Common", "FleetManagement.Common\FleetManagement.Common.csproj", "{A5862930-D838-41FC-A8D6-DB44BB0DF28C}"
EndProject
Project("{FAE04EC0-301F-11D3-BF4B-00C04F79EFBC}") = "FleetManagement.Ship", "FleetManagement.Ship\FleetManagement.Ship.csproj", "{EC354EE2-291B-4260-8406-3E6682564E8A}"
EndProject
Project("{FAE04EC0-301F-11D3-BF4B-00C04F79EFBC}") = "FleetManagement.HQ", "FleetManagement.HQ\FleetManagement.HQ.csproj", "{6626A13A-CE49-4578-8340-8867DBD46CE6}"
EndProject
Global
	GlobalSection(SolutionConfigurationPlatforms) = preSolution
		Debug|Any CPU = Debug|Any CPU
		Release|Any CPU = Release|Any CPU
	EndGlobalSection
	GlobalSection(ProjectConfigurationPlatforms) = postSolution
		{A5862930-D838-41FC-A8D6-DB44BB0DF28C}.Debug|Any CPU.ActiveCfg = Debug|Any CPU
		{A5862930-D838-41FC-A8D6-DB44BB0DF28C}.Debug|Any CPU.Build.0 = Debug|Any CPU
		{A5862930-D838-41FC-A8D6-DB44BB0DF28C}.Release|Any CPU.ActiveCfg = Release|Any CPU
		{A5862930-D838-41FC-A8D6-DB44BB0DF28C}.Release|Any CPU.Build.0 = Release|Any CPU
		{EC354EE2-291B-4260-8406-3E6682564E8A}.Debug|Any CPU.ActiveCfg = Debug|Any CPU
		{EC354EE2-291B-4260-8406-3E6682564E8A}.Debug|Any CPU.Build.0 = Debug|Any CPU
		{EC354EE2-291B-4260-8406-3E6682564E8A}.Release|Any CPU.ActiveCfg = Release|Any CPU
		{EC354EE2-291B-4260-8406-3E6682564E8A}.Release|Any CPU.Build.0 = Release|Any CPU
		{6626A13A-CE49-4578-8340-8867DBD46CE6}.Debug|Any CPU.ActiveCfg = Debug|Any CPU
		{6626A13A-CE49-4578-8340-8867DBD46CE6}.Debug|Any CPU.Build.0 = Debug|Any CPU
		{6626A13A-CE49-4578-8340-8867DBD46CE6}.Release|Any CPU.ActiveCfg = Release|Any CPU
		{6626A13A-CE49-4578-8340-8867DBD46CE6}.Release|Any CPU.Build.0 = Release|Any CPU
	EndGlobalSection
	GlobalSection(SolutionProperties) = preSolution
		HideSolutionNode = FALSE
	EndGlobalSection
	GlobalSection(ExtensibilityGlobals) = postSolution
		SolutionGuid = {969388CC-75C3-4ABD-9648-1BA2DF592F7D}
	EndGlobalSection
EndGlobal
